
Microsoft Visual Studio Solution File, Format Version 12.00
# Visual Studio 15
VisualStudioVersion = 15.0.27703.2042
MinimumVisualStudioVersion = 10.0.40219.1
Project("{FAE04EC0-301F-11D3-BF4B-00C04F79EFBC}") = "MVCSecurityDemo", "MVCSecurityDemo\MVCSecurityDemo.csproj", "{386C8CE4-B217-4DA3-87F9-BEB42AFEE7C9}"
EndProject
Global
	GlobalSection(SolutionConfigurationPlatforms) = preSolution
		Debug|Any CPU = Debug|Any CPU
		Release|Any CPU = Release|Any CPU
	EndGlobalSection
	GlobalSection(ProjectConfigurationPlatforms) = postSolution
		{386C8CE4-B217-4DA3-87F9-BEB42AFEE7C9}.Debug|Any CPU.ActiveCfg = Debug|Any CPU
		{386C8CE4-B217-4DA3-87F9-BEB42AFEE7C9}.Debug|Any CPU.Build.0 = Debug|Any CPU
		{386C8CE4-B217-4DA3-87F9-BEB42AFEE7C9}.Release|Any CPU.ActiveCfg = Release|Any CPU
		{386C8CE4-B217-4DA3-87F9-BEB42AFEE7C9}.Release|Any CPU.Build.0 = Release|Any CPU
	EndGlobalSection
	GlobalSection(SolutionProperties) = preSolution
		HideSolutionNode = FALSE
	EndGlobalSection
	GlobalSection(ExtensibilityGlobals) = postSolution
		SolutionGuid = {E6C72B36-0A2E-4866-85CF-FF75F15FF23E}
	EndGlobalSection
EndGlobal
